
Microsoft Visual Studio Solution File, Format Version 12.00
# Visual Studio 15
VisualStudioVersion = 15.0.28307.329
MinimumVisualStudioVersion = 10.0.40219.1
Project("{FAE04EC0-301F-11D3-BF4B-00C04F79EFBC}") = "ToDoWinForms", "ToDoWinForms\ToDoWinForms.csproj", "{D85A6E1E-696A-42A0-910C-3599F2FC0E1A}"
EndProject
Global
	GlobalSection(SolutionConfigurationPlatforms) = preSolution
		Debug|Any CPU = Debug|Any CPU
		Release|Any CPU = Release|Any CPU
	EndGlobalSection
	GlobalSection(ProjectConfigurationPlatforms) = postSolution
		{D85A6E1E-696A-42A0-910C-3599F2FC0E1A}.Debug|Any CPU.ActiveCfg = Debug|Any CPU
		{D85A6E1E-696A-42A0-910C-3599F2FC0E1A}.Debug|Any CPU.Build.0 = Debug|Any CPU
		{D85A6E1E-696A-42A0-910C-3599F2FC0E1A}.Release|Any CPU.ActiveCfg = Release|Any CPU
		{D85A6E1E-696A-42A0-910C-3599F2FC0E1A}.Release|Any CPU.Build.0 = Release|Any CPU
	EndGlobalSection
	GlobalSection(SolutionProperties) = preSolution
		HideSolutionNode = FALSE
	EndGlobalSection
	GlobalSection(ExtensibilityGlobals) = postSolution
		SolutionGuid = {B68B1075-DB97-418C-A65A-623DF842776D}
	EndGlobalSection
EndGlobal
